// !$*UTF8*$!
{
	archiveVersion = 1;
	classes = {
	};
	objectVersion = 51;
	objects = {

/* Begin PBXBuildFile section */
		4F57715D2580915A0094A6A2 /* AppDelegate.swift in Sources */ = {isa = PBXBuildFile; fileRef = 4F57715C2580915A0094A6A2 /* AppDelegate.swift */; };
		4F57715F2580915A0094A6A2 /* SceneDelegate.swift in Sources */ = {isa = PBXBuildFile; fileRef = 4F57715E2580915A0094A6A2 /* SceneDelegate.swift */; };
		4F5771642580915A0094A6A2 /* Main.storyboard in Resources */ = {isa = PBXBuildFile; fileRef = 4F5771622580915A0094A6A2 /* Main.storyboard */; };
		4F5771672580915A0094A6A2 /* RxMemo.xcdatamodeld in Sources */ = {isa = PBXBuildFile; fileRef = 4F5771652580915A0094A6A2 /* RxMemo.xcdatamodeld */; };
		4F5771692580915D0094A6A2 /* Assets.xcassets in Resources */ = {isa = PBXBuildFile; fileRef = 4F5771682580915D0094A6A2 /* Assets.xcassets */; };
		4F57716C2580915D0094A6A2 /* LaunchScreen.storyboard in Resources */ = {isa = PBXBuildFile; fileRef = 4F57716A2580915D0094A6A2 /* LaunchScreen.storyboard */; };
		4F577188258096A10094A6A2 /* Memo.swift in Sources */ = {isa = PBXBuildFile; fileRef = 4F577187258096A10094A6A2 /* Memo.swift */; };
		4F57718B25809C5F0094A6A2 /* MemoStorageType.swift in Sources */ = {isa = PBXBuildFile; fileRef = 4F57718A25809C5F0094A6A2 /* MemoStorageType.swift */; };
		4F57719025809E1F0094A6A2 /* MemoryStorage.swift in Sources */ = {isa = PBXBuildFile; fileRef = 4F57718F25809E1F0094A6A2 /* MemoryStorage.swift */; };
		63CE57625BE5311C6ACA231D /* Pods_RxMemo.framework in Frameworks */ = {isa = PBXBuildFile; fileRef = CA5663E7D077722C9D337EEF /* Pods_RxMemo.framework */; };
/* End PBXBuildFile section */

/* Begin PBXFileReference section */
		2C0B7E0D18018E18F57B1761 /* Pods-RxMemo.release.xcconfig */ = {isa = PBXFileReference; includeInIndex = 1; lastKnownFileType = text.xcconfig; name = "Pods-RxMemo.release.xcconfig"; path = "Target Support Files/Pods-RxMemo/Pods-RxMemo.release.xcconfig"; sourceTree = "<group>"; };
		4A3BB90482EFF9012CFAFAA4 /* Pods-RxMemo.debug.xcconfig */ = {isa = PBXFileReference; includeInIndex = 1; lastKnownFileType = text.xcconfig; name = "Pods-RxMemo.debug.xcconfig"; path = "Target Support Files/Pods-RxMemo/Pods-RxMemo.debug.xcconfig"; sourceTree = "<group>"; };
		4F5771592580915A0094A6A2 /* RxMemo.app */ = {isa = PBXFileReference; explicitFileType = wrapper.application; includeInIndex = 0; path = RxMemo.app; sourceTree = BUILT_PRODUCTS_DIR; };
		4F57715C2580915A0094A6A2 /* AppDelegate.swift */ = {isa = PBXFileReference; lastKnownFileType = sourcecode.swift; path = AppDelegate.swift; sourceTree = "<group>"; };
		4F57715E2580915A0094A6A2 /* SceneDelegate.swift */ = {isa = PBXFileReference; lastKnownFileType = sourcecode.swift; path = SceneDelegate.swift; sourceTree = "<group>"; };
		4F5771632580915A0094A6A2 /* Base */ = {isa = PBXFileReference; lastKnownFileType = file.storyboard; name = Base; path = Base.lproj/Main.storyboard; sourceTree = "<group>"; };
		4F5771662580915A0094A6A2 /* RxMemo.xcdatamodel */ = {isa = PBXFileReference; lastKnownFileType = wrapper.xcdatamodel; path = RxMemo.xcdatamodel; sourceTree = "<group>"; };
		4F5771682580915D0094A6A2 /* Assets.xcassets */ = {isa = PBXFileReference; lastKnownFileType = folder.assetcatalog; path = Assets.xcassets; sourceTree = "<group>"; };
		4F57716B2580915D0094A6A2 /* Base */ = {isa = PBXFileReference; lastKnownFileType = file.storyboard; name = Base; path = Base.lproj/LaunchScreen.storyboard; sourceTree = "<group>"; };
		4F57716D2580915D0094A6A2 /* Info.plist */ = {isa = PBXFileReference; lastKnownFileType = text.plist.xml; path = Info.plist; sourceTree = "<group>"; };
		4F577187258096A10094A6A2 /* Memo.swift */ = {isa = PBXFileReference; lastKnownFileType = sourcecode.swift; path = Memo.swift; sourceTree = "<group>"; };
		4F57718A25809C5F0094A6A2 /* MemoStorageType.swift */ = {isa = PBXFileReference; lastKnownFileType = sourcecode.swift; path = MemoStorageType.swift; sourceTree = "<group>"; };
		4F57718F25809E1F0094A6A2 /* MemoryStorage.swift */ = {isa = PBXFileReference; lastKnownFileType = sourcecode.swift; path = MemoryStorage.swift; sourceTree = "<group>"; };
		CA5663E7D077722C9D337EEF /* Pods_RxMemo.framework */ = {isa = PBXFileReference; explicitFileType = wrapper.framework; includeInIndex = 0; path = Pods_RxMemo.framework; sourceTree = BUILT_PRODUCTS_DIR; };
/* End PBXFileReference section */

/* Begin PBXFrameworksBuildPhase section */
		4F5771562580915A0094A6A2 /* Frameworks */ = {
			isa = PBXFrameworksBuildPhase;
			buildActionMask = 2147483647;
			files = (
				63CE57625BE5311C6ACA231D /* Pods_RxMemo.framework in Frameworks */,
			);
			runOnlyForDeploymentPostprocessing = 0;
		};
/* End PBXFrameworksBuildPhase section */

/* Begin PBXGroup section */
		4F5771502580915A0094A6A2 = {
			isa = PBXGroup;
			children = (
				4F57715B2580915A0094A6A2 /* RxMemo */,
				4F57715A2580915A0094A6A2 /* Products */,
				DC1F2D5E8A9BE2F3D794302C /* Pods */,
				600EF3E7EB3AFF1B482AFE4A /* Frameworks */,
			);
			sourceTree = "<group>";
		};
		4F57715A2580915A0094A6A2 /* Products */ = {
			isa = PBXGroup;
			children = (
				4F5771592580915A0094A6A2 /* RxMemo.app */,
			);
			name = Products;
			sourceTree = "<group>";
		};
		4F57715B2580915A0094A6A2 /* RxMemo */ = {
			isa = PBXGroup;
			children = (
				4F577183258092DF0094A6A2 /* Scene */,
				4F577182258092D90094A6A2 /* Service */,
				4F577181258092CF0094A6A2 /* ViewModel */,
				4F577180258092C90094A6A2 /* ViewController */,
				4F57717F258092C20094A6A2 /* Model */,
				4F57715C2580915A0094A6A2 /* AppDelegate.swift */,
				4F57715E2580915A0094A6A2 /* SceneDelegate.swift */,
				4F5771682580915D0094A6A2 /* Assets.xcassets */,
				4F57716D2580915D0094A6A2 /* Info.plist */,
			);
			path = RxMemo;
			sourceTree = "<group>";
		};
		4F57717F258092C20094A6A2 /* Model */ = {
			isa = PBXGroup;
			children = (
				4F577187258096A10094A6A2 /* Memo.swift */,
			);
			path = Model;
			sourceTree = "<group>";
		};
		4F577180258092C90094A6A2 /* ViewController */ = {
			isa = PBXGroup;
			children = (
				4F5771622580915A0094A6A2 /* Main.storyboard */,
				4F57716A2580915D0094A6A2 /* LaunchScreen.storyboard */,
			);
			path = ViewController;
			sourceTree = "<group>";
		};
		4F577181258092CF0094A6A2 /* ViewModel */ = {
			isa = PBXGroup;
			children = (
			);
			path = ViewModel;
			sourceTree = "<group>";
		};
		4F577182258092D90094A6A2 /* Service */ = {
			isa = PBXGroup;
			children = (
				4F57718E25809DA00094A6A2 /* CoreDataStorage */,
				4F57718D25809D980094A6A2 /* MemoryStorage */,
				4F57718A25809C5F0094A6A2 /* MemoStorageType.swift */,
			);
			path = Service;
			sourceTree = "<group>";
		};
		4F577183258092DF0094A6A2 /* Scene */ = {
			isa = PBXGroup;
			children = (
			);
			path = Scene;
			sourceTree = "<group>";
		};
		4F57718D25809D980094A6A2 /* MemoryStorage */ = {
			isa = PBXGroup;
			children = (
				4F57718F25809E1F0094A6A2 /* MemoryStorage.swift */,
			);
			path = MemoryStorage;
			sourceTree = "<group>";
		};
		4F57718E25809DA00094A6A2 /* CoreDataStorage */ = {
			isa = PBXGroup;
			children = (
				4F5771652580915A0094A6A2 /* RxMemo.xcdatamodeld */,
			);
			path = CoreDataStorage;
			sourceTree = "<group>";
		};
		600EF3E7EB3AFF1B482AFE4A /* Frameworks */ = {
			isa = PBXGroup;
			children = (
				CA5663E7D077722C9D337EEF /* Pods_RxMemo.framework */,
			);
			name = Frameworks;
			sourceTree = "<group>";
		};
		DC1F2D5E8A9BE2F3D794302C /* Pods */ = {
			isa = PBXGroup;
			children = (
				4A3BB90482EFF9012CFAFAA4 /* Pods-RxMemo.debug.xcconfig */,
				2C0B7E0D18018E18F57B1761 /* Pods-RxMemo.release.xcconfig */,
			);
			path = Pods;
			sourceTree = "<group>";
		};
/* End PBXGroup section */

/* Begin PBXNativeTarget section */
		4F5771582580915A0094A6A2 /* RxMemo */ = {
			isa = PBXNativeTarget;
			buildConfigurationList = 4F5771702580915D0094A6A2 /* Build configuration list for PBXNativeTarget "RxMemo" */;
			buildPhases = (
				1EA841F69ADCF3799ED2202C /* [CP] Check Pods Manifest.lock */,
				4F5771552580915A0094A6A2 /* Sources */,
				4F5771562580915A0094A6A2 /* Frameworks */,
				4F5771572580915A0094A6A2 /* Resources */,
				F1B00C8C6459DD438CE3CFEE /* [CP] Embed Pods Frameworks */,
			);
			buildRules = (
			);
			dependencies = (
			);
			name = RxMemo;
			productName = RxMemo;
			productReference = 4F5771592580915A0094A6A2 /* RxMemo.app */;
			productType = "com.apple.product-type.application";
		};
/* End PBXNativeTarget section */

/* Begin PBXProject section */
		4F5771512580915A0094A6A2 /* Project object */ = {
			isa = PBXProject;
			attributes = {
				LastSwiftUpdateCheck = 1220;
				LastUpgradeCheck = 1220;
				TargetAttributes = {
					4F5771582580915A0094A6A2 = {
						CreatedOnToolsVersion = 12.2;
					};
				};
			};
			buildConfigurationList = 4F5771542580915A0094A6A2 /* Build configuration list for PBXProject "RxMemo" */;
			compatibilityVersion = "Xcode 9.3";
			developmentRegion = en;
			hasScannedForEncodings = 0;
			knownRegions = (
				en,
				Base,
			);
			mainGroup = 4F5771502580915A0094A6A2;
			productRefGroup = 4F57715A2580915A0094A6A2 /* Products */;
			projectDirPath = "";
			projectRoot = "";
			targets = (
				4F5771582580915A0094A6A2 /* RxMemo */,
			);
		};
/* End PBXProject section */

/* Begin PBXResourcesBuildPhase section */
		4F5771572580915A0094A6A2 /* Resources */ = {
			isa = PBXResourcesBuildPhase;
			buildActionMask = 2147483647;
			files = (
				4F57716C2580915D0094A6A2 /* LaunchScreen.storyboard in Resources */,
				4F5771692580915D0094A6A2 /* Assets.xcassets in Resources */,
				4F5771642580915A0094A6A2 /* Main.storyboard in Resources */,
			);
			runOnlyForDeploymentPostprocessing = 0;
		};
/* End PBXResourcesBuildPhase section */

/* Begin PBXShellScriptBuildPhase section */
		1EA841F69ADCF3799ED2202C /* [CP] Check Pods Manifest.lock */ = {
			isa = PBXShellScriptBuildPhase;
			buildActionMask = 2147483647;
			files = (
			);
			inputFileListPaths = (
			);
			inputPaths = (
				"${PODS_PODFILE_DIR_PATH}/Podfile.lock",
				"${PODS_ROOT}/Manifest.lock",
			);
			name = "[CP] Check Pods Manifest.lock";
			outputFileListPaths = (
			);
			outputPaths = (
				"$(DERIVED_FILE_DIR)/Pods-RxMemo-checkManifestLockResult.txt",
			);
			runOnlyForDeploymentPostprocessing = 0;
			shellPath = /bin/sh;
			shellScript = "diff \"${PODS_PODFILE_DIR_PATH}/Podfile.lock\" \"${PODS_ROOT}/Manifest.lock\" > /dev/null\nif [ $? != 0 ] ; then\n    # print error to STDERR\n    echo \"error: The sandbox is not in sync with the Podfile.lock. Run 'pod install' or update your CocoaPods installation.\" >&2\n    exit 1\nfi\n# This output is used by Xcode 'outputs' to avoid re-running this script phase.\necho \"SUCCESS\" > \"${SCRIPT_OUTPUT_FILE_0}\"\n";
			showEnvVarsInLog = 0;
		};
		F1B00C8C6459DD438CE3CFEE /* [CP] Embed Pods Frameworks */ = {
			isa = PBXShellScriptBuildPhase;
			buildActionMask = 2147483647;
			files = (
			);
			inputFileListPaths = (
				"${PODS_ROOT}/Target Support Files/Pods-RxMemo/Pods-RxMemo-frameworks-${CONFIGURATION}-input-files.xcfilelist",
			);
			name = "[CP] Embed Pods Frameworks";
			outputFileListPaths = (
				"${PODS_ROOT}/Target Support Files/Pods-RxMemo/Pods-RxMemo-frameworks-${CONFIGURATION}-output-files.xcfilelist",
			);
			runOnlyForDeploymentPostprocessing = 0;
			shellPath = /bin/sh;
			shellScript = "\"${PODS_ROOT}/Target Support Files/Pods-RxMemo/Pods-RxMemo-frameworks.sh\"\n";
			showEnvVarsInLog = 0;
		};
/* End PBXShellScriptBuildPhase section */

/* Begin PBXSourcesBuildPhase section */
		4F5771552580915A0094A6A2 /* Sources */ = {
			isa = PBXSourcesBuildPhase;
			buildActionMask = 2147483647;
			files = (
				4F57719025809E1F0094A6A2 /* MemoryStorage.swift in Sources */,
				4F57715D2580915A0094A6A2 /* AppDelegate.swift in Sources */,
				4F57718B25809C5F0094A6A2 /* MemoStorageType.swift in Sources */,
				4F57715F2580915A0094A6A2 /* SceneDelegate.swift in Sources */,
				4F5771672580915A0094A6A2 /* RxMemo.xcdatamodeld in Sources */,
				4F577188258096A10094A6A2 /* Memo.swift in Sources */,
			);
			runOnlyForDeploymentPostprocessing = 0;
		};
/* End PBXSourcesBuildPhase section */

/* Begin PBXVariantGroup section */
		4F5771622580915A0094A6A2 /* Main.storyboard */ = {
			isa = PBXVariantGroup;
			children = (
				4F5771632580915A0094A6A2 /* Base */,
			);
			name = Main.storyboard;
			sourceTree = "<group>";
		};
		4F57716A2580915D0094A6A2 /* LaunchScreen.storyboard */ = {
			isa = PBXVariantGroup;
			children = (
				4F57716B2580915D0094A6A2 /* Base */,
			);
			name = LaunchScreen.storyboard;
			sourceTree = "<group>";
		};
/* End PBXVariantGroup section */

/* Begin XCBuildConfiguration section */
		4F57716E2580915D0094A6A2 /* Debug */ = {
			isa = XCBuildConfiguration;
			buildSettings = {
				ALWAYS_SEARCH_USER_PATHS = NO;
				CLANG_ANALYZER_NONNULL = YES;
				CLANG_ANALYZER_NUMBER_OBJECT_CONVERSION = YES_AGGRESSIVE;
				CLANG_CXX_LANGUAGE_STANDARD = "gnu++14";
				CLANG_CXX_LIBRARY = "libc++";
				CLANG_ENABLE_MODULES = YES;
				CLANG_ENABLE_OBJC_ARC = YES;
				CLANG_ENABLE_OBJC_WEAK = YES;
				CLANG_WARN_BLOCK_CAPTURE_AUTORELEASING = YES;
				CLANG_WARN_BOOL_CONVERSION = YES;
				CLANG_WARN_COMMA = YES;
				CLANG_WARN_CONSTANT_CONVERSION = YES;
				CLANG_WARN_DEPRECATED_OBJC_IMPLEMENTATIONS = YES;
				CLANG_WARN_DIRECT_OBJC_ISA_USAGE = YES_ERROR;
				CLANG_WARN_DOCUMENTATION_COMMENTS = YES;
				CLANG_WARN_EMPTY_BODY = YES;
				CLANG_WARN_ENUM_CONVERSION = YES;
				CLANG_WARN_INFINITE_RECURSION = YES;
				CLANG_WARN_INT_CONVERSION = YES;
				CLANG_WARN_NON_LITERAL_NULL_CONVERSION = YES;
				CLANG_WARN_OBJC_IMPLICIT_RETAIN_SELF = YES;
				CLANG_WARN_OBJC_LITERAL_CONVERSION = YES;
				CLANG_WARN_OBJC_ROOT_CLASS = YES_ERROR;
				CLANG_WARN_QUOTED_INCLUDE_IN_FRAMEWORK_HEADER = YES;
				CLANG_WARN_RANGE_LOOP_ANALYSIS = YES;
				CLANG_WARN_STRICT_PROTOTYPES = YES;
				CLANG_WARN_SUSPICIOUS_MOVE = YES;
				CLANG_WARN_UNGUARDED_AVAILABILITY = YES_AGGRESSIVE;
				CLANG_WARN_UNREACHABLE_CODE = YES;
				CLANG_WARN__DUPLICATE_METHOD_MATCH = YES;
				COPY_PHASE_STRIP = NO;
				DEBUG_INFORMATION_FORMAT = dwarf;
				ENABLE_STRICT_OBJC_MSGSEND = YES;
				ENABLE_TESTABILITY = YES;
				GCC_C_LANGUAGE_STANDARD = gnu11;
				GCC_DYNAMIC_NO_PIC = NO;
				GCC_NO_COMMON_BLOCKS = YES;
				GCC_OPTIMIZATION_LEVEL = 0;
				GCC_PREPROCESSOR_DEFINITIONS = (
					"DEBUG=1",
					"$(inherited)",
				);
				GCC_WARN_64_TO_32_BIT_CONVERSION = YES;
				GCC_WARN_ABOUT_RETURN_TYPE = YES_ERROR;
				GCC_WARN_UNDECLARED_SELECTOR = YES;
				GCC_WARN_UNINITIALIZED_AUTOS = YES_AGGRESSIVE;
				GCC_WARN_UNUSED_FUNCTION = YES;
				GCC_WARN_UNUSED_VARIABLE = YES;
				IPHONEOS_DEPLOYMENT_TARGET = 10.0;
				MTL_ENABLE_DEBUG_INFO = INCLUDE_SOURCE;
				MTL_FAST_MATH = YES;
				ONLY_ACTIVE_ARCH = YES;
				SDKROOT = iphoneos;
				SWIFT_ACTIVE_COMPILATION_CONDITIONS = DEBUG;
				SWIFT_OPTIMIZATION_LEVEL = "-Onone";
			};
			name = Debug;
		};
		4F57716F2580915D0094A6A2 /* Release */ = {
			isa = XCBuildConfiguration;
			buildSettings = {
				ALWAYS_SEARCH_USER_PATHS = NO;
				CLANG_ANALYZER_NONNULL = YES;
				CLANG_ANALYZER_NUMBER_OBJECT_CONVERSION = YES_AGGRESSIVE;
				CLANG_CXX_LANGUAGE_STANDARD = "gnu++14";
				CLANG_CXX_LIBRARY = "libc++";
				CLANG_ENABLE_MODULES = YES;
				CLANG_ENABLE_OBJC_ARC = YES;
				CLANG_ENABLE_OBJC_WEAK = YES;
				CLANG_WARN_BLOCK_CAPTURE_AUTORELEASING = YES;
				CLANG_WARN_BOOL_CONVERSION = YES;
				CLANG_WARN_COMMA = YES;
				CLANG_WARN_CONSTANT_CONVERSION = YES;
				CLANG_WARN_DEPRECATED_OBJC_IMPLEMENTATIONS = YES;
				CLANG_WARN_DIRECT_OBJC_ISA_USAGE = YES_ERROR;
				CLANG_WARN_DOCUMENTATION_COMMENTS = YES;
				CLANG_WARN_EMPTY_BODY = YES;
				CLANG_WARN_ENUM_CONVERSION = YES;
				CLANG_WARN_INFINITE_RECURSION = YES;
				CLANG_WARN_INT_CONVERSION = YES;
				CLANG_WARN_NON_LITERAL_NULL_CONVERSION = YES;
				CLANG_WARN_OBJC_IMPLICIT_RETAIN_SELF = YES;
				CLANG_WARN_OBJC_LITERAL_CONVERSION = YES;
				CLANG_WARN_OBJC_ROOT_CLASS = YES_ERROR;
				CLANG_WARN_QUOTED_INCLUDE_IN_FRAMEWORK_HEADER = YES;
				CLANG_WARN_RANGE_LOOP_ANALYSIS = YES;
				CLANG_WARN_STRICT_PROTOTYPES = YES;
				CLANG_WARN_SUSPICIOUS_MOVE = YES;
				CLANG_WARN_UNGUARDED_AVAILABILITY = YES_AGGRESSIVE;
				CLANG_WARN_UNREACHABLE_CODE = YES;
				CLANG_WARN__DUPLICATE_METHOD_MATCH = YES;
				COPY_PHASE_STRIP = NO;
				DEBUG_INFORMATION_FORMAT = "dwarf-with-dsym";
				ENABLE_NS_ASSERTIONS = NO;
				ENABLE_STRICT_OBJC_MSGSEND = YES;
				GCC_C_LANGUAGE_STANDARD = gnu11;
				GCC_NO_COMMON_BLOCKS = YES;
				GCC_WARN_64_TO_32_BIT_CONVERSION = YES;
				GCC_WARN_ABOUT_RETURN_TYPE = YES_ERROR;
				GCC_WARN_UNDECLARED_SELECTOR = YES;
				GCC_WARN_UNINITIALIZED_AUTOS = YES_AGGRESSIVE;
				GCC_WARN_UNUSED_FUNCTION = YES;
				GCC_WARN_UNUSED_VARIABLE = YES;
				IPHONEOS_DEPLOYMENT_TARGET = 10.0;
				MTL_ENABLE_DEBUG_INFO = NO;
				MTL_FAST_MATH = YES;
				SDKROOT = iphoneos;
				SWIFT_COMPILATION_MODE = wholemodule;
				SWIFT_OPTIMIZATION_LEVEL = "-O";
				VALIDATE_PRODUCT = YES;
			};
			name = Release;
		};
		4F5771712580915D0094A6A2 /* Debug */ = {
			isa = XCBuildConfiguration;
			baseConfigurationReference = 4A3BB90482EFF9012CFAFAA4 /* Pods-RxMemo.debug.xcconfig */;
			buildSettings = {
				ASSETCATALOG_COMPILER_APPICON_NAME = AppIcon;
				ASSETCATALOG_COMPILER_GLOBAL_ACCENT_COLOR_NAME = AccentColor;
				CODE_SIGN_STYLE = Automatic;
				INFOPLIST_FILE = RxMemo/Info.plist;
				LD_RUNPATH_SEARCH_PATHS = (
					"$(inherited)",
					"@executable_path/Frameworks",
				);
				PRODUCT_BUNDLE_IDENTIFIER = net.jaekyung.RxMemo;
				PRODUCT_NAME = "$(TARGET_NAME)";
				SWIFT_VERSION = 5.0;
				TARGETED_DEVICE_FAMILY = "1,2";
			};
			name = Debug;
		};
		4F5771722580915D0094A6A2 /* Release */ = {
			isa = XCBuildConfiguration;
			baseConfigurationReference = 2C0B7E0D18018E18F57B1761 /* Pods-RxMemo.release.xcconfig */;
			buildSettings = {
				ASSETCATALOG_COMPILER_APPICON_NAME = AppIcon;
				ASSETCATALOG_COMPILER_GLOBAL_ACCENT_COLOR_NAME = AccentColor;
				CODE_SIGN_STYLE = Automatic;
				INFOPLIST_FILE = RxMemo/Info.plist;
				LD_RUNPATH_SEARCH_PATHS = (
					"$(inherited)",
					"@executable_path/Frameworks",
				);
				PRODUCT_BUNDLE_IDENTIFIER = net.jaekyung.RxMemo;
				PRODUCT_NAME = "$(TARGET_NAME)";
				SWIFT_VERSION = 5.0;
				TARGETED_DEVICE_FAMILY = "1,2";
			};
			name = Release;
		};
/* End XCBuildConfiguration section */

/* Begin XCConfigurationList section */
		4F5771542580915A0094A6A2 /* Build configuration list for PBXProject "RxMemo" */ = {
			isa = XCConfigurationList;
			buildConfigurations = (
				4F57716E2580915D0094A6A2 /* Debug */,
				4F57716F2580915D0094A6A2 /* Release */,
			);
			defaultConfigurationIsVisible = 0;
			defaultConfigurationName = Release;
		};
		4F5771702580915D0094A6A2 /* Build configuration list for PBXNativeTarget "RxMemo" */ = {
			isa = XCConfigurationList;
			buildConfigurations = (
				4F5771712580915D0094A6A2 /* Debug */,
				4F5771722580915D0094A6A2 /* Release */,
			);
			defaultConfigurationIsVisible = 0;
			defaultConfigurationName = Release;
		};
/* End XCConfigurationList section */

/* Begin XCVersionGroup section */
		4F5771652580915A0094A6A2 /* RxMemo.xcdatamodeld */ = {
			isa = XCVersionGroup;
			children = (
				4F5771662580915A0094A6A2 /* RxMemo.xcdatamodel */,
			);
			currentVersion = 4F5771662580915A0094A6A2 /* RxMemo.xcdatamodel */;
			path = RxMemo.xcdatamodeld;
			sourceTree = "<group>";
			versionGroupType = wrapper.xcdatamodel;
		};
/* End XCVersionGroup section */
	};
	rootObject = 4F5771512580915A0094A6A2 /* Project object */;
}
